// !$*UTF8*$!
{
	archiveVersion = 1;
	classes = {
	};
	objectVersion = 50;
	objects = {

/* Begin PBXBuildFile section */
		2548DA73200ABD07CBCFEB04 /* Pods_WhenComing.framework in Frameworks */ = {isa = PBXBuildFile; fileRef = AE4D6876FF2D683E49273BD6 /* Pods_WhenComing.framework */; };
		CB3551152086ED3D003E0017 /* AlarmListTableViewCell.swift in Sources */ = {isa = PBXBuildFile; fileRef = CB3551132086ED3D003E0017 /* AlarmListTableViewCell.swift */; };
		CB3551162086ED3D003E0017 /* AlarmListTableViewCell.xib in Resources */ = {isa = PBXBuildFile; fileRef = CB3551142086ED3D003E0017 /* AlarmListTableViewCell.xib */; };
		CB3551192086EDC6003E0017 /* AlarmListNotSetTableViewCell.swift in Sources */ = {isa = PBXBuildFile; fileRef = CB3551172086EDC6003E0017 /* AlarmListNotSetTableViewCell.swift */; };
		CB35511A2086EDC6003E0017 /* AlarmListNotSetTableViewCell.xib in Resources */ = {isa = PBXBuildFile; fileRef = CB3551182086EDC6003E0017 /* AlarmListNotSetTableViewCell.xib */; };
		CB35613320A219AA005BD367 /* SetAlarmDetailViewController.swift in Sources */ = {isa = PBXBuildFile; fileRef = CB35613220A219AA005BD367 /* SetAlarmDetailViewController.swift */; };
		CB35613820A219F8005BD367 /* SetAlarmDetailTableViewCell.swift in Sources */ = {isa = PBXBuildFile; fileRef = CB35613620A219F8005BD367 /* SetAlarmDetailTableViewCell.swift */; };
		CB35613920A219F8005BD367 /* SetAlarmDetailTableViewCell.xib in Resources */ = {isa = PBXBuildFile; fileRef = CB35613720A219F8005BD367 /* SetAlarmDetailTableViewCell.xib */; };
		CB4C22F720A5789100B429B7 /* AlarmListBusTableViewCell.swift in Sources */ = {isa = PBXBuildFile; fileRef = CB4C22F520A5789100B429B7 /* AlarmListBusTableViewCell.swift */; };
		CB4C22F820A5789100B429B7 /* AlarmListBusTableViewCell.xib in Resources */ = {isa = PBXBuildFile; fileRef = CB4C22F620A5789100B429B7 /* AlarmListBusTableViewCell.xib */; };
		CB68E03A2075C42B00A0E2C1 /* AppDelegate.swift in Sources */ = {isa = PBXBuildFile; fileRef = CB68E0392075C42B00A0E2C1 /* AppDelegate.swift */; };
		CB68E03F2075C42B00A0E2C1 /* Main.storyboard in Resources */ = {isa = PBXBuildFile; fileRef = CB68E03D2075C42B00A0E2C1 /* Main.storyboard */; };
		CB68E0412075C42C00A0E2C1 /* Assets.xcassets in Resources */ = {isa = PBXBuildFile; fileRef = CB68E0402075C42C00A0E2C1 /* Assets.xcassets */; };
		CB68E0442075C42C00A0E2C1 /* LaunchScreen.storyboard in Resources */ = {isa = PBXBuildFile; fileRef = CB68E0422075C42C00A0E2C1 /* LaunchScreen.storyboard */; };
		CB68E04F207CC16E00A0E2C1 /* AlarmListViewController.swift in Sources */ = {isa = PBXBuildFile; fileRef = CB68E04E207CC16E00A0E2C1 /* AlarmListViewController.swift */; };
		CB9A15412091AABC009CA25F /* SetAlarmViewController.swift in Sources */ = {isa = PBXBuildFile; fileRef = CB9A15402091AABC009CA25F /* SetAlarmViewController.swift */; };
		CBA84A3A209177850010F8F0 /* Extension.swift in Sources */ = {isa = PBXBuildFile; fileRef = CBA84A39209177850010F8F0 /* Extension.swift */; };
		CBCEACD42088C59F0036C7A2 /* Bus.swift in Sources */ = {isa = PBXBuildFile; fileRef = CBCEACD32088C59F0036C7A2 /* Bus.swift */; };
/* End PBXBuildFile section */

/* Begin PBXFileReference section */
		1464C53D45460507BB3BE01E /* Pods-WhenComing.debug.xcconfig */ = {isa = PBXFileReference; includeInIndex = 1; lastKnownFileType = text.xcconfig; name = "Pods-WhenComing.debug.xcconfig"; path = "Pods/Target Support Files/Pods-WhenComing/Pods-WhenComing.debug.xcconfig"; sourceTree = "<group>"; };
		7D8A9BD2035B69FCB8C4B068 /* Pods-WhenComing.release.xcconfig */ = {isa = PBXFileReference; includeInIndex = 1; lastKnownFileType = text.xcconfig; name = "Pods-WhenComing.release.xcconfig"; path = "Pods/Target Support Files/Pods-WhenComing/Pods-WhenComing.release.xcconfig"; sourceTree = "<group>"; };
		AE4D6876FF2D683E49273BD6 /* Pods_WhenComing.framework */ = {isa = PBXFileReference; explicitFileType = wrapper.framework; includeInIndex = 0; path = Pods_WhenComing.framework; sourceTree = BUILT_PRODUCTS_DIR; };
		CB3551132086ED3D003E0017 /* AlarmListTableViewCell.swift */ = {isa = PBXFileReference; lastKnownFileType = sourcecode.swift; path = AlarmListTableViewCell.swift; sourceTree = "<group>"; };
		CB3551142086ED3D003E0017 /* AlarmListTableViewCell.xib */ = {isa = PBXFileReference; lastKnownFileType = file.xib; path = AlarmListTableViewCell.xib; sourceTree = "<group>"; };
		CB3551172086EDC6003E0017 /* AlarmListNotSetTableViewCell.swift */ = {isa = PBXFileReference; lastKnownFileType = sourcecode.swift; path = AlarmListNotSetTableViewCell.swift; sourceTree = "<group>"; };
		CB3551182086EDC6003E0017 /* AlarmListNotSetTableViewCell.xib */ = {isa = PBXFileReference; lastKnownFileType = file.xib; path = AlarmListNotSetTableViewCell.xib; sourceTree = "<group>"; };
		CB35613220A219AA005BD367 /* SetAlarmDetailViewController.swift */ = {isa = PBXFileReference; lastKnownFileType = sourcecode.swift; path = SetAlarmDetailViewController.swift; sourceTree = "<group>"; };
		CB35613620A219F8005BD367 /* SetAlarmDetailTableViewCell.swift */ = {isa = PBXFileReference; lastKnownFileType = sourcecode.swift; path = SetAlarmDetailTableViewCell.swift; sourceTree = "<group>"; };
		CB35613720A219F8005BD367 /* SetAlarmDetailTableViewCell.xib */ = {isa = PBXFileReference; lastKnownFileType = file.xib; path = SetAlarmDetailTableViewCell.xib; sourceTree = "<group>"; };
		CB4C22F520A5789100B429B7 /* AlarmListBusTableViewCell.swift */ = {isa = PBXFileReference; lastKnownFileType = sourcecode.swift; path = AlarmListBusTableViewCell.swift; sourceTree = "<group>"; };
		CB4C22F620A5789100B429B7 /* AlarmListBusTableViewCell.xib */ = {isa = PBXFileReference; lastKnownFileType = file.xib; path = AlarmListBusTableViewCell.xib; sourceTree = "<group>"; };
		CB68E0362075C42B00A0E2C1 /* WhenComing.app */ = {isa = PBXFileReference; explicitFileType = wrapper.application; includeInIndex = 0; path = WhenComing.app; sourceTree = BUILT_PRODUCTS_DIR; };
		CB68E0392075C42B00A0E2C1 /* AppDelegate.swift */ = {isa = PBXFileReference; lastKnownFileType = sourcecode.swift; path = AppDelegate.swift; sourceTree = "<group>"; };
		CB68E03E2075C42B00A0E2C1 /* Base */ = {isa = PBXFileReference; lastKnownFileType = file.storyboard; name = Base; path = Base.lproj/Main.storyboard; sourceTree = "<group>"; };
		CB68E0402075C42C00A0E2C1 /* Assets.xcassets */ = {isa = PBXFileReference; lastKnownFileType = folder.assetcatalog; path = Assets.xcassets; sourceTree = "<group>"; };
		CB68E0432075C42C00A0E2C1 /* Base */ = {isa = PBXFileReference; lastKnownFileType = file.storyboard; name = Base; path = Base.lproj/LaunchScreen.storyboard; sourceTree = "<group>"; };
		CB68E0452075C42C00A0E2C1 /* Info.plist */ = {isa = PBXFileReference; lastKnownFileType = text.plist.xml; path = Info.plist; sourceTree = "<group>"; };
		CB68E04E207CC16E00A0E2C1 /* AlarmListViewController.swift */ = {isa = PBXFileReference; lastKnownFileType = sourcecode.swift; path = AlarmListViewController.swift; sourceTree = "<group>"; };
		CB9A15402091AABC009CA25F /* SetAlarmViewController.swift */ = {isa = PBXFileReference; lastKnownFileType = sourcecode.swift; path = SetAlarmViewController.swift; sourceTree = "<group>"; };
		CBA84A39209177850010F8F0 /* Extension.swift */ = {isa = PBXFileReference; lastKnownFileType = sourcecode.swift; path = Extension.swift; sourceTree = "<group>"; };
		CBCEACD32088C59F0036C7A2 /* Bus.swift */ = {isa = PBXFileReference; lastKnownFileType = sourcecode.swift; path = Bus.swift; sourceTree = "<group>"; };
/* End PBXFileReference section */

/* Begin PBXFrameworksBuildPhase section */
		CB68E0332075C42B00A0E2C1 /* Frameworks */ = {
			isa = PBXFrameworksBuildPhase;
			buildActionMask = 2147483647;
			files = (
				2548DA73200ABD07CBCFEB04 /* Pods_WhenComing.framework in Frameworks */,
			);
			runOnlyForDeploymentPostprocessing = 0;
		};
/* End PBXFrameworksBuildPhase section */

/* Begin PBXGroup section */
		22D261F00941B6B4F4547CCB /* Frameworks */ = {
			isa = PBXGroup;
			children = (
				AE4D6876FF2D683E49273BD6 /* Pods_WhenComing.framework */,
			);
			name = Frameworks;
			sourceTree = "<group>";
		};
		CB35511B2086F0BB003E0017 /* View */ = {
			isa = PBXGroup;
			children = (
				CB3551172086EDC6003E0017 /* AlarmListNotSetTableViewCell.swift */,
				CB3551182086EDC6003E0017 /* AlarmListNotSetTableViewCell.xib */,
				CB3551132086ED3D003E0017 /* AlarmListTableViewCell.swift */,
				CB3551142086ED3D003E0017 /* AlarmListTableViewCell.xib */,
				CB4C22F520A5789100B429B7 /* AlarmListBusTableViewCell.swift */,
				CB4C22F620A5789100B429B7 /* AlarmListBusTableViewCell.xib */,
				CB35613620A219F8005BD367 /* SetAlarmDetailTableViewCell.swift */,
				CB35613720A219F8005BD367 /* SetAlarmDetailTableViewCell.xib */,
			);
			path = View;
			sourceTree = "<group>";
		};
		CB35511C2086F0C4003E0017 /* Controller */ = {
			isa = PBXGroup;
			children = (
				CB68E04E207CC16E00A0E2C1 /* AlarmListViewController.swift */,
				CB9A15402091AABC009CA25F /* SetAlarmViewController.swift */,
				CB35613220A219AA005BD367 /* SetAlarmDetailViewController.swift */,
			);
			path = Controller;
			sourceTree = "<group>";
		};
		CB35511D2086F0CB003E0017 /* Model */ = {
			isa = PBXGroup;
			children = (
				CBCEACD32088C59F0036C7A2 /* Bus.swift */,
			);
			path = Model;
			sourceTree = "<group>";
		};
		CB68E02D2075C42B00A0E2C1 = {
			isa = PBXGroup;
			children = (
				CB68E0382075C42B00A0E2C1 /* WhenComing */,
				CB68E0372075C42B00A0E2C1 /* Products */,
				F6EF812A0A91B622F3A7033B /* Pods */,
				22D261F00941B6B4F4547CCB /* Frameworks */,
			);
			sourceTree = "<group>";
		};
		CB68E0372075C42B00A0E2C1 /* Products */ = {
			isa = PBXGroup;
			children = (
				CB68E0362075C42B00A0E2C1 /* WhenComing.app */,
			);
			name = Products;
			sourceTree = "<group>";
		};
		CB68E0382075C42B00A0E2C1 /* WhenComing */ = {
			isa = PBXGroup;
			children = (
				CB35511D2086F0CB003E0017 /* Model */,
				CB35511B2086F0BB003E0017 /* View */,
				CB35511C2086F0C4003E0017 /* Controller */,
				CB68E0392075C42B00A0E2C1 /* AppDelegate.swift */,
				CBA84A39209177850010F8F0 /* Extension.swift */,
				CB68E03D2075C42B00A0E2C1 /* Main.storyboard */,
				CB68E0452075C42C00A0E2C1 /* Info.plist */,
				CB68E0402075C42C00A0E2C1 /* Assets.xcassets */,
				CB68E0422075C42C00A0E2C1 /* LaunchScreen.storyboard */,
			);
			path = WhenComing;
			sourceTree = "<group>";
		};
		F6EF812A0A91B622F3A7033B /* Pods */ = {
			isa = PBXGroup;
			children = (
				1464C53D45460507BB3BE01E /* Pods-WhenComing.debug.xcconfig */,
				7D8A9BD2035B69FCB8C4B068 /* Pods-WhenComing.release.xcconfig */,
			);
			name = Pods;
			sourceTree = "<group>";
		};
/* End PBXGroup section */

/* Begin PBXNativeTarget section */
		CB68E0352075C42B00A0E2C1 /* WhenComing */ = {
			isa = PBXNativeTarget;
			buildConfigurationList = CB68E0482075C42C00A0E2C1 /* Build configuration list for PBXNativeTarget "WhenComing" */;
			buildPhases = (
				5530B368A836A260DD5D7257 /* [CP] Check Pods Manifest.lock */,
				CB68E0322075C42B00A0E2C1 /* Sources */,
				CB68E0332075C42B00A0E2C1 /* Frameworks */,
				CB68E0342075C42B00A0E2C1 /* Resources */,
				CB68E04B2075C49300A0E2C1 /* Run Script */,
				B456AA1E055D4446D4637565 /* [CP] Embed Pods Frameworks */,
				CB9A15422091C078009CA25F /* ShellScript */,
			);
			buildRules = (
			);
			dependencies = (
			);
			name = WhenComing;
			productName = WhenComing;
			productReference = CB68E0362075C42B00A0E2C1 /* WhenComing.app */;
			productType = "com.apple.product-type.application";
		};
/* End PBXNativeTarget section */

/* Begin PBXProject section */
		CB68E02E2075C42B00A0E2C1 /* Project object */ = {
			isa = PBXProject;
			attributes = {
				LastSwiftUpdateCheck = 0930;
				LastUpgradeCheck = 0930;
				ORGANIZATIONNAME = "장혜준";
				TargetAttributes = {
					CB68E0352075C42B00A0E2C1 = {
						CreatedOnToolsVersion = 9.3;
					};
				};
			};
			buildConfigurationList = CB68E0312075C42B00A0E2C1 /* Build configuration list for PBXProject "WhenComing" */;
			compatibilityVersion = "Xcode 9.3";
			developmentRegion = en;
			hasScannedForEncodings = 0;
			knownRegions = (
				en,
				Base,
			);
			mainGroup = CB68E02D2075C42B00A0E2C1;
			productRefGroup = CB68E0372075C42B00A0E2C1 /* Products */;
			projectDirPath = "";
			projectRoot = "";
			targets = (
				CB68E0352075C42B00A0E2C1 /* WhenComing */,
			);
		};
/* End PBXProject section */

/* Begin PBXResourcesBuildPhase section */
		CB68E0342075C42B00A0E2C1 /* Resources */ = {
			isa = PBXResourcesBuildPhase;
			buildActionMask = 2147483647;
			files = (
				CB35511A2086EDC6003E0017 /* AlarmListNotSetTableViewCell.xib in Resources */,
				CB68E0442075C42C00A0E2C1 /* LaunchScreen.storyboard in Resources */,
				CB68E0412075C42C00A0E2C1 /* Assets.xcassets in Resources */,
				CB68E03F2075C42B00A0E2C1 /* Main.storyboard in Resources */,
				CB4C22F820A5789100B429B7 /* AlarmListBusTableViewCell.xib in Resources */,
				CB3551162086ED3D003E0017 /* AlarmListTableViewCell.xib in Resources */,
				CB35613920A219F8005BD367 /* SetAlarmDetailTableViewCell.xib in Resources */,
			);
			runOnlyForDeploymentPostprocessing = 0;
		};
/* End PBXResourcesBuildPhase section */

/* Begin PBXShellScriptBuildPhase section */
		5530B368A836A260DD5D7257 /* [CP] Check Pods Manifest.lock */ = {
			isa = PBXShellScriptBuildPhase;
			buildActionMask = 2147483647;
			files = (
			);
			inputPaths = (
				"${PODS_PODFILE_DIR_PATH}/Podfile.lock",
				"${PODS_ROOT}/Manifest.lock",
			);
			name = "[CP] Check Pods Manifest.lock";
			outputPaths = (
				"$(DERIVED_FILE_DIR)/Pods-WhenComing-checkManifestLockResult.txt",
			);
			runOnlyForDeploymentPostprocessing = 0;
			shellPath = /bin/sh;
			shellScript = "diff \"${PODS_PODFILE_DIR_PATH}/Podfile.lock\" \"${PODS_ROOT}/Manifest.lock\" > /dev/null\nif [ $? != 0 ] ; then\n    # print error to STDERR\n    echo \"error: The sandbox is not in sync with the Podfile.lock. Run 'pod install' or update your CocoaPods installation.\" >&2\n    exit 1\nfi\n# This output is used by Xcode 'outputs' to avoid re-running this script phase.\necho \"SUCCESS\" > \"${SCRIPT_OUTPUT_FILE_0}\"\n";
			showEnvVarsInLog = 0;
		};
		B456AA1E055D4446D4637565 /* [CP] Embed Pods Frameworks */ = {
			isa = PBXShellScriptBuildPhase;
			buildActionMask = 2147483647;
			files = (
			);
			inputPaths = (
				"${SRCROOT}/Pods/Target Support Files/Pods-WhenComing/Pods-WhenComing-frameworks.sh",
				"${BUILT_PRODUCTS_DIR}/Alamofire/Alamofire.framework",
				"${BUILT_PRODUCTS_DIR}/ObjectMapper/ObjectMapper.framework",
				"${BUILT_PRODUCTS_DIR}/Then/Then.framework",
			);
			name = "[CP] Embed Pods Frameworks";
			outputPaths = (
				"${TARGET_BUILD_DIR}/${FRAMEWORKS_FOLDER_PATH}/Alamofire.framework",
				"${TARGET_BUILD_DIR}/${FRAMEWORKS_FOLDER_PATH}/ObjectMapper.framework",
				"${TARGET_BUILD_DIR}/${FRAMEWORKS_FOLDER_PATH}/Then.framework",
			);
			runOnlyForDeploymentPostprocessing = 0;
			shellPath = /bin/sh;
			shellScript = "\"${SRCROOT}/Pods/Target Support Files/Pods-WhenComing/Pods-WhenComing-frameworks.sh\"\n";
			showEnvVarsInLog = 0;
		};
		CB68E04B2075C49300A0E2C1 /* Run Script */ = {
			isa = PBXShellScriptBuildPhase;
			buildActionMask = 2147483647;
			files = (
			);
			inputPaths = (
			);
			name = "Run Script";
			outputPaths = (
			);
			runOnlyForDeploymentPostprocessing = 0;
			shellPath = /bin/sh;
			shellScript = "#!/bin/bash\nbuildNumber=$(/usr/libexec/PlistBuddy -c \"Print CFBundleVersion\" \"$INFOPLIST_FILE\")\nbuildNumber=$(($buildNumber + 1))\n/usr/libexec/PlistBuddy -c \"Set :CFBundleVersion $buildNumber\" \"$INFOPLIST_FILE\"";
		};
		CB9A15422091C078009CA25F /* ShellScript */ = {
			isa = PBXShellScriptBuildPhase;
			buildActionMask = 2147483647;
			files = (
			);
			inputPaths = (
			);
			outputPaths = (
			);
			runOnlyForDeploymentPostprocessing = 0;
			shellPath = /bin/sh;
			shellScript = "\"${PODS_ROOT}/Fabric/run\" a486f53c4b40fd1d45a1d3c70a54705258d3be6e a90a43b616dda6a308fcd2ba9eec940e80bd6d6eafb50a30dfb053f49a89b0ee";
		};
/* End PBXShellScriptBuildPhase section */

/* Begin PBXSourcesBuildPhase section */
		CB68E0322075C42B00A0E2C1 /* Sources */ = {
			isa = PBXSourcesBuildPhase;
			buildActionMask = 2147483647;
			files = (
				CB4C22F720A5789100B429B7 /* AlarmListBusTableViewCell.swift in Sources */,
				CB35613320A219AA005BD367 /* SetAlarmDetailViewController.swift in Sources */,
				CB68E04F207CC16E00A0E2C1 /* AlarmListViewController.swift in Sources */,
				CB68E03A2075C42B00A0E2C1 /* AppDelegate.swift in Sources */,
				CB3551152086ED3D003E0017 /* AlarmListTableViewCell.swift in Sources */,
				CBA84A3A209177850010F8F0 /* Extension.swift in Sources */,
				CB35613820A219F8005BD367 /* SetAlarmDetailTableViewCell.swift in Sources */,
				CB9A15412091AABC009CA25F /* SetAlarmViewController.swift in Sources */,
				CB3551192086EDC6003E0017 /* AlarmListNotSetTableViewCell.swift in Sources */,
				CBCEACD42088C59F0036C7A2 /* Bus.swift in Sources */,
			);
			runOnlyForDeploymentPostprocessing = 0;
		};
/* End PBXSourcesBuildPhase section */

/* Begin PBXVariantGroup section */
		CB68E03D2075C42B00A0E2C1 /* Main.storyboard */ = {
			isa = PBXVariantGroup;
			children = (
				CB68E03E2075C42B00A0E2C1 /* Base */,
			);
			name = Main.storyboard;
			sourceTree = "<group>";
		};
		CB68E0422075C42C00A0E2C1 /* LaunchScreen.storyboard */ = {
			isa = PBXVariantGroup;
			children = (
				CB68E0432075C42C00A0E2C1 /* Base */,
			);
			name = LaunchScreen.storyboard;
			sourceTree = "<group>";
		};
/* End PBXVariantGroup section */

/* Begin XCBuildConfiguration section */
		CB68E0462075C42C00A0E2C1 /* Debug */ = {
			isa = XCBuildConfiguration;
			buildSettings = {
				ALWAYS_SEARCH_USER_PATHS = NO;
				CLANG_ANALYZER_NONNULL = YES;
				CLANG_ANALYZER_NUMBER_OBJECT_CONVERSION = YES_AGGRESSIVE;
				CLANG_CXX_LANGUAGE_STANDARD = "gnu++14";
				CLANG_CXX_LIBRARY = "libc++";
				CLANG_ENABLE_MODULES = YES;
				CLANG_ENABLE_OBJC_ARC = YES;
				CLANG_ENABLE_OBJC_WEAK = YES;
				CLANG_WARN_BLOCK_CAPTURE_AUTORELEASING = YES;
				CLANG_WARN_BOOL_CONVERSION = YES;
				CLANG_WARN_COMMA = YES;
				CLANG_WARN_CONSTANT_CONVERSION = YES;
				CLANG_WARN_DEPRECATED_OBJC_IMPLEMENTATIONS = YES;
				CLANG_WARN_DIRECT_OBJC_ISA_USAGE = YES_ERROR;
				CLANG_WARN_DOCUMENTATION_COMMENTS = YES;
				CLANG_WARN_EMPTY_BODY = YES;
				CLANG_WARN_ENUM_CONVERSION = YES;
				CLANG_WARN_INFINITE_RECURSION = YES;
				CLANG_WARN_INT_CONVERSION = YES;
				CLANG_WARN_NON_LITERAL_NULL_CONVERSION = YES;
				CLANG_WARN_OBJC_IMPLICIT_RETAIN_SELF = YES;
				CLANG_WARN_OBJC_LITERAL_CONVERSION = YES;
				CLANG_WARN_OBJC_ROOT_CLASS = YES_ERROR;
				CLANG_WARN_RANGE_LOOP_ANALYSIS = YES;
				CLANG_WARN_STRICT_PROTOTYPES = YES;
				CLANG_WARN_SUSPICIOUS_MOVE = YES;
				CLANG_WARN_UNGUARDED_AVAILABILITY = YES_AGGRESSIVE;
				CLANG_WARN_UNREACHABLE_CODE = YES;
				CLANG_WARN__DUPLICATE_METHOD_MATCH = YES;
				CODE_SIGN_IDENTITY = "iPhone Developer";
				COPY_PHASE_STRIP = NO;
				DEBUG_INFORMATION_FORMAT = dwarf;
				ENABLE_STRICT_OBJC_MSGSEND = YES;
				ENABLE_TESTABILITY = YES;
				GCC_C_LANGUAGE_STANDARD = gnu11;
				GCC_DYNAMIC_NO_PIC = NO;
				GCC_NO_COMMON_BLOCKS = YES;
				GCC_OPTIMIZATION_LEVEL = 0;
				GCC_PREPROCESSOR_DEFINITIONS = (
					"DEBUG=1",
					"$(inherited)",
				);
				GCC_WARN_64_TO_32_BIT_CONVERSION = YES;
				GCC_WARN_ABOUT_RETURN_TYPE = YES_ERROR;
				GCC_WARN_UNDECLARED_SELECTOR = YES;
				GCC_WARN_UNINITIALIZED_AUTOS = YES_AGGRESSIVE;
				GCC_WARN_UNUSED_FUNCTION = YES;
				GCC_WARN_UNUSED_VARIABLE = YES;
				IPHONEOS_DEPLOYMENT_TARGET = 11.3;
				MTL_ENABLE_DEBUG_INFO = YES;
				ONLY_ACTIVE_ARCH = YES;
				SDKROOT = iphoneos;
				SWIFT_ACTIVE_COMPILATION_CONDITIONS = DEBUG;
				SWIFT_OPTIMIZATION_LEVEL = "-Onone";
			};
			name = Debug;
		};
		CB68E0472075C42C00A0E2C1 /* Release */ = {
			isa = XCBuildConfiguration;
			buildSettings = {
				ALWAYS_SEARCH_USER_PATHS = NO;
				CLANG_ANALYZER_NONNULL = YES;
				CLANG_ANALYZER_NUMBER_OBJECT_CONVERSION = YES_AGGRESSIVE;
				CLANG_CXX_LANGUAGE_STANDARD = "gnu++14";
				CLANG_CXX_LIBRARY = "libc++";
				CLANG_ENABLE_MODULES = YES;
				CLANG_ENABLE_OBJC_ARC = YES;
				CLANG_ENABLE_OBJC_WEAK = YES;
				CLANG_WARN_BLOCK_CAPTURE_AUTORELEASING = YES;
				CLANG_WARN_BOOL_CONVERSION = YES;
				CLANG_WARN_COMMA = YES;
				CLANG_WARN_CONSTANT_CONVERSION = YES;
				CLANG_WARN_DEPRECATED_OBJC_IMPLEMENTATIONS = YES;
				CLANG_WARN_DIRECT_OBJC_ISA_USAGE = YES_ERROR;
				CLANG_WARN_DOCUMENTATION_COMMENTS = YES;
				CLANG_WARN_EMPTY_BODY = YES;
				CLANG_WARN_ENUM_CONVERSION = YES;
				CLANG_WARN_INFINITE_RECURSION = YES;
				CLANG_WARN_INT_CONVERSION = YES;
				CLANG_WARN_NON_LITERAL_NULL_CONVERSION = YES;
				CLANG_WARN_OBJC_IMPLICIT_RETAIN_SELF = YES;
				CLANG_WARN_OBJC_LITERAL_CONVERSION = YES;
				CLANG_WARN_OBJC_ROOT_CLASS = YES_ERROR;
				CLANG_WARN_RANGE_LOOP_ANALYSIS = YES;
				CLANG_WARN_STRICT_PROTOTYPES = YES;
				CLANG_WARN_SUSPICIOUS_MOVE = YES;
				CLANG_WARN_UNGUARDED_AVAILABILITY = YES_AGGRESSIVE;
				CLANG_WARN_UNREACHABLE_CODE = YES;
				CLANG_WARN__DUPLICATE_METHOD_MATCH = YES;
				CODE_SIGN_IDENTITY = "iPhone Developer";
				COPY_PHASE_STRIP = NO;
				DEBUG_INFORMATION_FORMAT = "dwarf-with-dsym";
				ENABLE_NS_ASSERTIONS = NO;
				ENABLE_STRICT_OBJC_MSGSEND = YES;
				GCC_C_LANGUAGE_STANDARD = gnu11;
				GCC_NO_COMMON_BLOCKS = YES;
				GCC_WARN_64_TO_32_BIT_CONVERSION = YES;
				GCC_WARN_ABOUT_RETURN_TYPE = YES_ERROR;
				GCC_WARN_UNDECLARED_SELECTOR = YES;
				GCC_WARN_UNINITIALIZED_AUTOS = YES_AGGRESSIVE;
				GCC_WARN_UNUSED_FUNCTION = YES;
				GCC_WARN_UNUSED_VARIABLE = YES;
				IPHONEOS_DEPLOYMENT_TARGET = 11.3;
				MTL_ENABLE_DEBUG_INFO = NO;
				SDKROOT = iphoneos;
				SWIFT_COMPILATION_MODE = wholemodule;
				SWIFT_OPTIMIZATION_LEVEL = "-O";
				VALIDATE_PRODUCT = YES;
			};
			name = Release;
		};
		CB68E0492075C42C00A0E2C1 /* Debug */ = {
			isa = XCBuildConfiguration;
			baseConfigurationReference = 1464C53D45460507BB3BE01E /* Pods-WhenComing.debug.xcconfig */;
			buildSettings = {
				ASSETCATALOG_COMPILER_APPICON_NAME = AppIcon;
				CODE_SIGN_STYLE = Automatic;
				DEVELOPMENT_TEAM = 7XZYKQ99YK;
				INFOPLIST_FILE = WhenComing/Info.plist;
				IPHONEOS_DEPLOYMENT_TARGET = 9.0;
				LD_RUNPATH_SEARCH_PATHS = (
					"$(inherited)",
					"@executable_path/Frameworks",
				);
				PRODUCT_BUNDLE_IDENTIFIER = jhyejun.WhenComing;
				PRODUCT_NAME = "$(TARGET_NAME)";
				SWIFT_VERSION = 4.0;
				TARGETED_DEVICE_FAMILY = 1;
			};
			name = Debug;
		};
		CB68E04A2075C42C00A0E2C1 /* Release */ = {
			isa = XCBuildConfiguration;
			baseConfigurationReference = 7D8A9BD2035B69FCB8C4B068 /* Pods-WhenComing.release.xcconfig */;
			buildSettings = {
				ASSETCATALOG_COMPILER_APPICON_NAME = AppIcon;
				CODE_SIGN_STYLE = Automatic;
				DEVELOPMENT_TEAM = 7XZYKQ99YK;
				INFOPLIST_FILE = WhenComing/Info.plist;
				IPHONEOS_DEPLOYMENT_TARGET = 9.0;
				LD_RUNPATH_SEARCH_PATHS = (
					"$(inherited)",
					"@executable_path/Frameworks",
				);
				PRODUCT_BUNDLE_IDENTIFIER = jhyejun.WhenComing;
				PRODUCT_NAME = "$(TARGET_NAME)";
				SWIFT_VERSION = 4.0;
				TARGETED_DEVICE_FAMILY = 1;
			};
			name = Release;
		};
/* End XCBuildConfiguration section */

/* Begin XCConfigurationList section */
		CB68E0312075C42B00A0E2C1 /* Build configuration list for PBXProject "WhenComing" */ = {
			isa = XCConfigurationList;
			buildConfigurations = (
				CB68E0462075C42C00A0E2C1 /* Debug */,
				CB68E0472075C42C00A0E2C1 /* Release */,
			);
			defaultConfigurationIsVisible = 0;
			defaultConfigurationName = Release;
		};
		CB68E0482075C42C00A0E2C1 /* Build configuration list for PBXNativeTarget "WhenComing" */ = {
			isa = XCConfigurationList;
			buildConfigurations = (
				CB68E0492075C42C00A0E2C1 /* Debug */,
				CB68E04A2075C42C00A0E2C1 /* Release */,
			);
			defaultConfigurationIsVisible = 0;
			defaultConfigurationName = Release;
		};
/* End XCConfigurationList section */
	};
	rootObject = CB68E02E2075C42B00A0E2C1 /* Project object */;
}
